
Microsoft Visual Studio Solution File, Format Version 12.00
# Visual Studio Version 17
VisualStudioVersion = 17.5.002.0
MinimumVisualStudioVersion = 10.0.40219.1
Project("{9A19103F-16F7-4668-BE54-9A1E7A4F7556}") = "Task2", "Task2.csproj", "{97D3E467-BC50-4DAA-917C-1C71DB0CB521}"
EndProject
Global
	GlobalSection(SolutionConfigurationPlatforms) = preSolution
		Debug|Any CPU = Debug|Any CPU
		Release|Any CPU = Release|Any CPU
	EndGlobalSection
	GlobalSection(ProjectConfigurationPlatforms) = postSolution
		{97D3E467-BC50-4DAA-917C-1C71DB0CB521}.Debug|Any CPU.ActiveCfg = Debug|Any CPU
		{97D3E467-BC50-4DAA-917C-1C71DB0CB521}.Debug|Any CPU.Build.0 = Debug|Any CPU
		{97D3E467-BC50-4DAA-917C-1C71DB0CB521}.Release|Any CPU.ActiveCfg = Release|Any CPU
		{97D3E467-BC50-4DAA-917C-1C71DB0CB521}.Release|Any CPU.Build.0 = Release|Any CPU
	EndGlobalSection
	GlobalSection(SolutionProperties) = preSolution
		HideSolutionNode = FALSE
	EndGlobalSection
	GlobalSection(ExtensibilityGlobals) = postSolution
		SolutionGuid = {26257DE3-15A4-4B25-BD3E-105F35080036}
	EndGlobalSection
EndGlobal
